
Microsoft Visual Studio Solution File, Format Version 11.00
# Visual Studio 2010
Project("{FAE04EC0-301F-11D3-BF4B-00C04F79EFBC}") = "Xamarin.WebServicesAsync.Droid", "Xamarin.WebServicesAsync.Droid\Xamarin.WebServicesAsync.Droid.csproj", "{DED88DDA-6778-47B4-92C5-8BB8C3556D27}"
EndProject
Global
	GlobalSection(SolutionConfigurationPlatforms) = preSolution
		Debug|Any CPU = Debug|Any CPU
		Release|Any CPU = Release|Any CPU
	EndGlobalSection
	GlobalSection(ProjectConfigurationPlatforms) = postSolution
		{DED88DDA-6778-47B4-92C5-8BB8C3556D27}.Debug|Any CPU.ActiveCfg = Debug|Any CPU
		{DED88DDA-6778-47B4-92C5-8BB8C3556D27}.Debug|Any CPU.Build.0 = Debug|Any CPU
		{DED88DDA-6778-47B4-92C5-8BB8C3556D27}.Release|Any CPU.ActiveCfg = Release|Any CPU
		{DED88DDA-6778-47B4-92C5-8BB8C3556D27}.Release|Any CPU.Build.0 = Release|Any CPU
	EndGlobalSection
	GlobalSection(MonoDevelopProperties) = preSolution
		StartupItem = Xamarin.WebServicesAsync.Droid\Xamarin.WebServicesAsync.Droid.csproj
	EndGlobalSection
EndGlobal
