
Microsoft Visual Studio Solution File, Format Version 12.00
# Visual Studio 2012
Project("{FAE04EC0-301F-11D3-BF4B-00C04F79EFBC}") = "PhonewordAndroid", "PhonewordAndroid\PhonewordAndroid.csproj", "{22E93C60-F0AC-4BF9-B585-DC61D12B7271}"
EndProject
Global
	GlobalSection(SolutionConfigurationPlatforms) = preSolution
		Debug|Any CPU = Debug|Any CPU
		Release|Any CPU = Release|Any CPU
	EndGlobalSection
	GlobalSection(ProjectConfigurationPlatforms) = postSolution
		{22E93C60-F0AC-4BF9-B585-DC61D12B7271}.Debug|Any CPU.ActiveCfg = Debug|Any CPU
		{22E93C60-F0AC-4BF9-B585-DC61D12B7271}.Debug|Any CPU.Build.0 = Debug|Any CPU
		{22E93C60-F0AC-4BF9-B585-DC61D12B7271}.Release|Any CPU.ActiveCfg = Release|Any CPU
		{22E93C60-F0AC-4BF9-B585-DC61D12B7271}.Release|Any CPU.Build.0 = Release|Any CPU
	EndGlobalSection
	GlobalSection(MonoDevelopProperties) = preSolution
		StartupItem = PhonewordAndroid\PhonewordAndroid.csproj
	EndGlobalSection
EndGlobal
